
Microsoft Visual Studio Solution File, Format Version 12.00
# Visual Studio Version 16
VisualStudioVersion = 16.0.29215.179
MinimumVisualStudioVersion = 10.0.40219.1
Project("{9A19103F-16F7-4668-BE54-9A1E7A4F7556}") = "0_Generic_Box", "0_Generic_Box\0_Generic_Box.csproj", "{F833A381-44F1-4B0B-9170-AC3D37FF34E0}"
EndProject
Project("{9A19103F-16F7-4668-BE54-9A1E7A4F7556}") = "1_Generic Box of String", "1_Generic Box of String\1_Generic Box of String.csproj", "{20E68921-15DD-4DA6-A58E-320A1B62A051}"
EndProject
Project("{9A19103F-16F7-4668-BE54-9A1E7A4F7556}") = "2_Generic Box of Integer", "2_Generic Box of Integer\2_Generic Box of Integer.csproj", "{4D97C2BB-E7A5-4C68-A157-FCD37A6145B9}"
EndProject
Project("{9A19103F-16F7-4668-BE54-9A1E7A4F7556}") = "3_Generic Swap Method Strings", "3_Generic Swap Method Strings\3_Generic Swap Method Strings.csproj", "{4FF0ADFC-6293-4203-B0B0-8A364297A0D6}"
EndProject
Project("{9A19103F-16F7-4668-BE54-9A1E7A4F7556}") = "5_Generic Count Method Strings", "5_Generic Count Method Strings\5_Generic Count Method Strings.csproj", "{B4DCB690-5AC4-4CE9-A289-4BBD0AF44E11}"
EndProject
Project("{9A19103F-16F7-4668-BE54-9A1E7A4F7556}") = "4_Generic Swap Method Integers", "4_Generic Swap Method Integers\4_Generic Swap Method Integers.csproj", "{CF6558FF-99D3-42C0-ADE9-B8A42A77B9D2}"
EndProject
Project("{9A19103F-16F7-4668-BE54-9A1E7A4F7556}") = "6_Generic Count Method Doubles", "6_Generic Count Method Doubles\6_Generic Count Method Doubles.csproj", "{BAA4B6E4-D3FA-4AD0-9F88-B58C4A31316A}"
EndProject
Project("{9A19103F-16F7-4668-BE54-9A1E7A4F7556}") = "7_Custom List", "7_Custom List\7_Custom List.csproj", "{AFD9E234-238F-4001-8A08-47060E77B88A}"
EndProject
Project("{9A19103F-16F7-4668-BE54-9A1E7A4F7556}") = "10_Tuple", "10_Tuple\10_Tuple.csproj", "{72988197-963A-4CF2-825F-65945A9F2E90}"
EndProject
Project("{9A19103F-16F7-4668-BE54-9A1E7A4F7556}") = "11_Threeuple", "11_Threeuple\11_Threeuple.csproj", "{8738DFB7-13CE-4667-99D2-54B094FEBA31}"
EndProject
Project("{FAE04EC0-301F-11D3-BF4B-00C04F79EFBC}") = "8_Custom List Sorter", "8_Custom List Sorter\8_Custom List Sorter.csproj", "{8EFEAC99-8042-4F2A-91C1-AAB145C914D8}"
EndProject
Project("{FAE04EC0-301F-11D3-BF4B-00C04F79EFBC}") = "9_Custom List Iterator", "9_Custom List Iterator\9_Custom List Iterator.csproj", "{61F202F7-C902-4F33-8987-7839AE05DADD}"
EndProject
Global
	GlobalSection(SolutionConfigurationPlatforms) = preSolution
		Debug|Any CPU = Debug|Any CPU
		Release|Any CPU = Release|Any CPU
	EndGlobalSection
	GlobalSection(ProjectConfigurationPlatforms) = postSolution
		{F833A381-44F1-4B0B-9170-AC3D37FF34E0}.Debug|Any CPU.ActiveCfg = Debug|Any CPU
		{F833A381-44F1-4B0B-9170-AC3D37FF34E0}.Debug|Any CPU.Build.0 = Debug|Any CPU
		{F833A381-44F1-4B0B-9170-AC3D37FF34E0}.Release|Any CPU.ActiveCfg = Release|Any CPU
		{F833A381-44F1-4B0B-9170-AC3D37FF34E0}.Release|Any CPU.Build.0 = Release|Any CPU
		{20E68921-15DD-4DA6-A58E-320A1B62A051}.Debug|Any CPU.ActiveCfg = Debug|Any CPU
		{20E68921-15DD-4DA6-A58E-320A1B62A051}.Debug|Any CPU.Build.0 = Debug|Any CPU
		{20E68921-15DD-4DA6-A58E-320A1B62A051}.Release|Any CPU.ActiveCfg = Release|Any CPU
		{20E68921-15DD-4DA6-A58E-320A1B62A051}.Release|Any CPU.Build.0 = Release|Any CPU
		{4D97C2BB-E7A5-4C68-A157-FCD37A6145B9}.Debug|Any CPU.ActiveCfg = Debug|Any CPU
		{4D97C2BB-E7A5-4C68-A157-FCD37A6145B9}.Debug|Any CPU.Build.0 = Debug|Any CPU
		{4D97C2BB-E7A5-4C68-A157-FCD37A6145B9}.Release|Any CPU.ActiveCfg = Release|Any CPU
		{4D97C2BB-E7A5-4C68-A157-FCD37A6145B9}.Release|Any CPU.Build.0 = Release|Any CPU
		{4FF0ADFC-6293-4203-B0B0-8A364297A0D6}.Debug|Any CPU.ActiveCfg = Debug|Any CPU
		{4FF0ADFC-6293-4203-B0B0-8A364297A0D6}.Debug|Any CPU.Build.0 = Debug|Any CPU
		{4FF0ADFC-6293-4203-B0B0-8A364297A0D6}.Release|Any CPU.ActiveCfg = Release|Any CPU
		{4FF0ADFC-6293-4203-B0B0-8A364297A0D6}.Release|Any CPU.Build.0 = Release|Any CPU
		{B4DCB690-5AC4-4CE9-A289-4BBD0AF44E11}.Debug|Any CPU.ActiveCfg = Debug|Any CPU
		{B4DCB690-5AC4-4CE9-A289-4BBD0AF44E11}.Debug|Any CPU.Build.0 = Debug|Any CPU
		{B4DCB690-5AC4-4CE9-A289-4BBD0AF44E11}.Release|Any CPU.ActiveCfg = Release|Any CPU
		{B4DCB690-5AC4-4CE9-A289-4BBD0AF44E11}.Release|Any CPU.Build.0 = Release|Any CPU
		{CF6558FF-99D3-42C0-ADE9-B8A42A77B9D2}.Debug|Any CPU.ActiveCfg = Debug|Any CPU
		{CF6558FF-99D3-42C0-ADE9-B8A42A77B9D2}.Debug|Any CPU.Build.0 = Debug|Any CPU
		{CF6558FF-99D3-42C0-ADE9-B8A42A77B9D2}.Release|Any CPU.ActiveCfg = Release|Any CPU
		{CF6558FF-99D3-42C0-ADE9-B8A42A77B9D2}.Release|Any CPU.Build.0 = Release|Any CPU
		{BAA4B6E4-D3FA-4AD0-9F88-B58C4A31316A}.Debug|Any CPU.ActiveCfg = Debug|Any CPU
		{BAA4B6E4-D3FA-4AD0-9F88-B58C4A31316A}.Debug|Any CPU.Build.0 = Debug|Any CPU
		{BAA4B6E4-D3FA-4AD0-9F88-B58C4A31316A}.Release|Any CPU.ActiveCfg = Release|Any CPU
		{BAA4B6E4-D3FA-4AD0-9F88-B58C4A31316A}.Release|Any CPU.Build.0 = Release|Any CPU
		{AFD9E234-238F-4001-8A08-47060E77B88A}.Debug|Any CPU.ActiveCfg = Debug|Any CPU
		{AFD9E234-238F-4001-8A08-47060E77B88A}.Debug|Any CPU.Build.0 = Debug|Any CPU
		{AFD9E234-238F-4001-8A08-47060E77B88A}.Release|Any CPU.ActiveCfg = Release|Any CPU
		{AFD9E234-238F-4001-8A08-47060E77B88A}.Release|Any CPU.Build.0 = Release|Any CPU
		{72988197-963A-4CF2-825F-65945A9F2E90}.Debug|Any CPU.ActiveCfg = Debug|Any CPU
		{72988197-963A-4CF2-825F-65945A9F2E90}.Debug|Any CPU.Build.0 = Debug|Any CPU
		{72988197-963A-4CF2-825F-65945A9F2E90}.Release|Any CPU.ActiveCfg = Release|Any CPU
		{72988197-963A-4CF2-825F-65945A9F2E90}.Release|Any CPU.Build.0 = Release|Any CPU
		{8738DFB7-13CE-4667-99D2-54B094FEBA31}.Debug|Any CPU.ActiveCfg = Debug|Any CPU
		{8738DFB7-13CE-4667-99D2-54B094FEBA31}.Debug|Any CPU.Build.0 = Debug|Any CPU
		{8738DFB7-13CE-4667-99D2-54B094FEBA31}.Release|Any CPU.ActiveCfg = Release|Any CPU
		{8738DFB7-13CE-4667-99D2-54B094FEBA31}.Release|Any CPU.Build.0 = Release|Any CPU
		{8EFEAC99-8042-4F2A-91C1-AAB145C914D8}.Debug|Any CPU.ActiveCfg = Debug|Any CPU
		{8EFEAC99-8042-4F2A-91C1-AAB145C914D8}.Debug|Any CPU.Build.0 = Debug|Any CPU
		{8EFEAC99-8042-4F2A-91C1-AAB145C914D8}.Release|Any CPU.ActiveCfg = Release|Any CPU
		{8EFEAC99-8042-4F2A-91C1-AAB145C914D8}.Release|Any CPU.Build.0 = Release|Any CPU
		{61F202F7-C902-4F33-8987-7839AE05DADD}.Debug|Any CPU.ActiveCfg = Debug|Any CPU
		{61F202F7-C902-4F33-8987-7839AE05DADD}.Debug|Any CPU.Build.0 = Debug|Any CPU
		{61F202F7-C902-4F33-8987-7839AE05DADD}.Release|Any CPU.ActiveCfg = Release|Any CPU
		{61F202F7-C902-4F33-8987-7839AE05DADD}.Release|Any CPU.Build.0 = Release|Any CPU
	EndGlobalSection
	GlobalSection(SolutionProperties) = preSolution
		HideSolutionNode = FALSE
	EndGlobalSection
	GlobalSection(ExtensibilityGlobals) = postSolution
		SolutionGuid = {60B8F98D-8324-4812-AF66-12CE93362099}
	EndGlobalSection
EndGlobal
